<Solution>
  <Folder Name="/.dev-tools/">
    <File Path="CodeOfChaos.Markdown.Release.slnf" />
    <File Path="CodeOfChaos.Markdown.Testing.slnf" />
    <File Path="Directory.Packages.props" />
    <File Path="README.md" />
    <Project Path="devtools/MarkdownDevtools/MarkdownDevtools.csproj" />
  </Folder>
  <Folder Name="/.dev-tools/github/">
    <File Path=".github/dependabot.yml" />
    <File Path=".github/PULL_REQUEST_TEMPLATE.md" />
  </Folder>
  <Folder Name="/.dev-tools/github/scripts/">
    <File Path=".github/scripts/bump_version.py" />
    <File Path=".github/scripts/test_bump_version.py" />
  </Folder>
  <Folder Name="/.dev-tools/github/workflows/">
    <File Path=".github/workflows/ci-release.yml" />
    <File Path=".github/workflows/ci-testing.yml" />
    <File Path=".github/workflows/ci-todo.yml" />
    <File Path=".github/workflows/docs.yml" />
  </Folder>
  <Folder Name="/docs/">
    <File Path="docs/docfx.json" />
    <File Path="docs/index.md" />
    <File Path="docs/toc.yml" />
  </Folder>
  <Folder Name="/docs/api/">
    <File Path="docs/api/.gitkeep" />
  </Folder>
  <Folder Name="/docs/articles/">
    <File Path="docs/articles/getting-started.md" />
    <File Path="docs/articles/toc.yml" />
  </Folder>
  <Folder Name="/docs/Images/">
    <File Path="docs/images/.gitkeep" />
    <File Path="docs/images/README.md" />
  </Folder>
  <Folder Name="/examples/" />
  <Folder Name="/src/">
    <File Path="src/Directory.Build.props" />
    <Project Path="src/CodeOfChaos.Markdown.Editors/CodeOfChaos.Markdown.Editors.csproj" />
    <Project Path="src/CodeOfChaos.Markdown.Parsers/CodeOfChaos.Markdown.Parsers.csproj" />
    <Project Path="src/CodeOfChaos.Markdown.Shared/CodeOfChaos.Markdown.Shared.csproj" />
    <Project Path="src/CodeOfChaos.Markdown.Syntax/CodeOfChaos.Markdown.Syntax.csproj" />
    <Project Path="src/CodeOfChaos.Markdown/CodeOfChaos.Markdown.csproj" />
  </Folder>
  <Folder Name="/tests/">
    <File Path="tests/Directory.Build.props" />
    <Project Path="benchmarks/CodeOfChaosBenchmarks.Markdown/CodeOfChaosBenchmarks.Markdown.csproj" />
    <Project Path="tests/CodeOfChaosTests.Markdown.Editors/CodeOfChaosTests.Markdown.Editors.csproj" />
    <Project Path="tests/CodeOfChaosTests.Markdown.Parsers/CodeOfChaosTests.Markdown.Parsers.csproj" />
    <Project Path="tests/CodeOfChaosTests.Markdown.Syntax/CodeOfChaosTests.Markdown.Syntax.csproj" />
    <Project Path="tests/CodeOfChaosTests.Markdown/CodeOfChaosTests.Markdown.csproj" />
    <Project Path="tests/CodeOfChaosTests.Shared/CodeOfChaosTests.Shared.csproj" />
  </Folder>
</Solution>
